
Microsoft Visual Studio Solution File, Format Version 12.00
# Visual Studio 15
VisualStudioVersion = 15.0.27130.2027
MinimumVisualStudioVersion = 10.0.40219.1
Project("{FAE04EC0-301F-11D3-BF4B-00C04F79EFBC}") = "ScratchPad3", "ScratchPad3\ScratchPad3.csproj", "{970460CA-A257-409E-93B4-42EB5283DDFF}"
EndProject
Global
	GlobalSection(SolutionConfigurationPlatforms) = preSolution
		Debug|Any CPU = Debug|Any CPU
		Release|Any CPU = Release|Any CPU
	EndGlobalSection
	GlobalSection(ProjectConfigurationPlatforms) = postSolution
		{970460CA-A257-409E-93B4-42EB5283DDFF}.Debug|Any CPU.ActiveCfg = Debug|Any CPU
		{970460CA-A257-409E-93B4-42EB5283DDFF}.Debug|Any CPU.Build.0 = Debug|Any CPU
		{970460CA-A257-409E-93B4-42EB5283DDFF}.Release|Any CPU.ActiveCfg = Release|Any CPU
		{970460CA-A257-409E-93B4-42EB5283DDFF}.Release|Any CPU.Build.0 = Release|Any CPU
	EndGlobalSection
	GlobalSection(SolutionProperties) = preSolution
		HideSolutionNode = FALSE
	EndGlobalSection
	GlobalSection(ExtensibilityGlobals) = postSolution
		SolutionGuid = {2F13CA3F-BFF8-44BC-87BB-7749FA036B3A}
	EndGlobalSection
EndGlobal
